
Microsoft Visual Studio Solution File, Format Version 12.00
# Visual Studio Version 16
VisualStudioVersion = 16.0.31112.23
MinimumVisualStudioVersion = 10.0.40219.1
Project("{9A19103F-16F7-4668-BE54-9A1E7A4F7556}") = "AspNetCore.OnlineUsers", "src\AspNetCore.OnlineUsers.csproj", "{CAC748C5-D4A4-4295-B600-7C378D0B4B54}"
EndProject
Global
	GlobalSection(SolutionConfigurationPlatforms) = preSolution
		Debug|Any CPU = Debug|Any CPU
		Release|Any CPU = Release|Any CPU
	EndGlobalSection
	GlobalSection(ProjectConfigurationPlatforms) = postSolution
		{CAC748C5-D4A4-4295-B600-7C378D0B4B54}.Debug|Any CPU.ActiveCfg = Debug|Any CPU
		{CAC748C5-D4A4-4295-B600-7C378D0B4B54}.Debug|Any CPU.Build.0 = Debug|Any CPU
		{CAC748C5-D4A4-4295-B600-7C378D0B4B54}.Release|Any CPU.ActiveCfg = Release|Any CPU
		{CAC748C5-D4A4-4295-B600-7C378D0B4B54}.Release|Any CPU.Build.0 = Release|Any CPU
	EndGlobalSection
	GlobalSection(SolutionProperties) = preSolution
		HideSolutionNode = FALSE
	EndGlobalSection
	GlobalSection(ExtensibilityGlobals) = postSolution
		SolutionGuid = {F39DEFE0-FBDF-4441-B37F-BA83ACB95264}
	EndGlobalSection
EndGlobal
